[root]
name = "sdl2test"
version = "1.0.0"
dependencies = [
 "sdl2 0.0.1 (git+https://github.com/AngryLawyer/rust-sdl2.git#6025d7493ba461fffff254bae770868ec21288bd)",
]

[[package]]
name = "sdl2"
version = "0.0.1"
source = "git+https://github.com/AngryLawyer/rust-sdl2.git#6025d7493ba461fffff254bae770868ec21288bd"

