# This file was autogenerated by Stack.
# You should not edit this file by hand.
# For more information, please see the documentation at:
#   https://docs.haskellstack.org/en/stable/lock_files

packages: []
snapshots:
- completed:
    sha256: b936d27d647a31a8834d3efec126e2a07dee9c9bd6dd401d9bdac77e7b278f1e
    size: 619093
    url: https://raw.githubusercontent.com/commercialhaskell/stackage-snapshots/master/lts/19/5.yaml
  original:
    url: https://raw.githubusercontent.com/commercialhaskell/stackage-snapshots/master/lts/19/5.yaml
